
Microsoft Visual Studio Solution File, Format Version 12.00
# Visual Studio Version 16
VisualStudioVersion = 16.0.29318.209
MinimumVisualStudioVersion = 10.0.40219.1
Project("{9A19103F-16F7-4668-BE54-9A1E7A4F7556}") = "ChurrasTrinca.Data", "src\ChurrasTrinca.Data\ChurrasTrinca.Data.csproj", "{4790ED56-A245-4C6B-A659-3FF79A1F37C5}"
EndProject
Project("{9A19103F-16F7-4668-BE54-9A1E7A4F7556}") = "ChurrasTrinca.Business", "src\ChurrasTrinca.Business\ChurrasTrinca.Business.csproj", "{5FBD29A2-E2A1-4AC4-A25B-B829D703FCFA}"
EndProject
Project("{9A19103F-16F7-4668-BE54-9A1E7A4F7556}") = "ChurrasTrinca.API", "src\ChurrasTrinca.API\ChurrasTrinca.API.csproj", "{3A76750F-6AE2-4457-A4CD-32DA098FA992}"
EndProject
Global
	GlobalSection(SolutionConfigurationPlatforms) = preSolution
		Debug|Any CPU = Debug|Any CPU
		Release|Any CPU = Release|Any CPU
	EndGlobalSection
	GlobalSection(ProjectConfigurationPlatforms) = postSolution
		{4790ED56-A245-4C6B-A659-3FF79A1F37C5}.Debug|Any CPU.ActiveCfg = Debug|Any CPU
		{4790ED56-A245-4C6B-A659-3FF79A1F37C5}.Debug|Any CPU.Build.0 = Debug|Any CPU
		{4790ED56-A245-4C6B-A659-3FF79A1F37C5}.Release|Any CPU.ActiveCfg = Release|Any CPU
		{4790ED56-A245-4C6B-A659-3FF79A1F37C5}.Release|Any CPU.Build.0 = Release|Any CPU
		{5FBD29A2-E2A1-4AC4-A25B-B829D703FCFA}.Debug|Any CPU.ActiveCfg = Debug|Any CPU
		{5FBD29A2-E2A1-4AC4-A25B-B829D703FCFA}.Debug|Any CPU.Build.0 = Debug|Any CPU
		{5FBD29A2-E2A1-4AC4-A25B-B829D703FCFA}.Release|Any CPU.ActiveCfg = Release|Any CPU
		{5FBD29A2-E2A1-4AC4-A25B-B829D703FCFA}.Release|Any CPU.Build.0 = Release|Any CPU
		{3A76750F-6AE2-4457-A4CD-32DA098FA992}.Debug|Any CPU.ActiveCfg = Debug|Any CPU
		{3A76750F-6AE2-4457-A4CD-32DA098FA992}.Debug|Any CPU.Build.0 = Debug|Any CPU
		{3A76750F-6AE2-4457-A4CD-32DA098FA992}.Release|Any CPU.ActiveCfg = Release|Any CPU
		{3A76750F-6AE2-4457-A4CD-32DA098FA992}.Release|Any CPU.Build.0 = Release|Any CPU
	EndGlobalSection
	GlobalSection(SolutionProperties) = preSolution
		HideSolutionNode = FALSE
	EndGlobalSection
	GlobalSection(ExtensibilityGlobals) = postSolution
		SolutionGuid = {01D47D5A-8242-4757-BD3B-24C793BB5417}
	EndGlobalSection
EndGlobal
